// !$*UTF8*$!
{
	archiveVersion = 1;
	classes = {
	};
	objectVersion = 45;
	objects = {

/* Begin PBXBuildFile section */
		4F788F651231B3350028B625 /* IntrospectionUtils.h in Headers */ = {isa = PBXBuildFile; fileRef = 4F788F631231B3350028B625 /* IntrospectionUtils.h */; };
		4F788F661231B3350028B625 /* IntrospectionUtils.m in Sources */ = {isa = PBXBuildFile; fileRef = 4F788F641231B3350028B625 /* IntrospectionUtils.m */; };
		4F7890371231C6D90028B625 /* XMLUtils.h in Headers */ = {isa = PBXBuildFile; fileRef = 4F7890351231C6D90028B625 /* XMLUtils.h */; };
		4F7890381231C6D90028B625 /* XMLUtils.m in Sources */ = {isa = PBXBuildFile; fileRef = 4F7890361231C6D90028B625 /* XMLUtils.m */; };
		4F7890641231CAD20028B625 /* GDataXMLNode.h in Headers */ = {isa = PBXBuildFile; fileRef = 4F7890621231CAD20028B625 /* GDataXMLNode.h */; };
		4F7890651231CAD20028B625 /* GDataXMLNode.m in Sources */ = {isa = PBXBuildFile; fileRef = 4F7890631231CAD20028B625 /* GDataXMLNode.m */; };
		4FCAC2B0123338F200F5D4B5 /* ASIAuthenticationDialog.h in Headers */ = {isa = PBXBuildFile; fileRef = 4FCAC29E123338F200F5D4B5 /* ASIAuthenticationDialog.h */; };
		4FCAC2B1123338F200F5D4B5 /* ASIAuthenticationDialog.m in Sources */ = {isa = PBXBuildFile; fileRef = 4FCAC29F123338F200F5D4B5 /* ASIAuthenticationDialog.m */; };
		4FCAC2B2123338F200F5D4B5 /* ASICacheDelegate.h in Headers */ = {isa = PBXBuildFile; fileRef = 4FCAC2A0123338F200F5D4B5 /* ASICacheDelegate.h */; };
		4FCAC2B3123338F200F5D4B5 /* ASIDownloadCache.h in Headers */ = {isa = PBXBuildFile; fileRef = 4FCAC2A1123338F200F5D4B5 /* ASIDownloadCache.h */; };
		4FCAC2B4123338F200F5D4B5 /* ASIDownloadCache.m in Sources */ = {isa = PBXBuildFile; fileRef = 4FCAC2A2123338F200F5D4B5 /* ASIDownloadCache.m */; };
		4FCAC2B5123338F200F5D4B5 /* ASIFormDataRequest.h in Headers */ = {isa = PBXBuildFile; fileRef = 4FCAC2A3123338F200F5D4B5 /* ASIFormDataRequest.h */; };
		4FCAC2B6123338F200F5D4B5 /* ASIFormDataRequest.m in Sources */ = {isa = PBXBuildFile; fileRef = 4FCAC2A4123338F200F5D4B5 /* ASIFormDataRequest.m */; };
		4FCAC2B7123338F200F5D4B5 /* ASIHTTPRequest.h in Headers */ = {isa = PBXBuildFile; fileRef = 4FCAC2A5123338F200F5D4B5 /* ASIHTTPRequest.h */; };
		4FCAC2B8123338F200F5D4B5 /* ASIHTTPRequest.m in Sources */ = {isa = PBXBuildFile; fileRef = 4FCAC2A6123338F200F5D4B5 /* ASIHTTPRequest.m */; };
		4FCAC2B9123338F200F5D4B5 /* ASIHTTPRequestConfig.h in Headers */ = {isa = PBXBuildFile; fileRef = 4FCAC2A7123338F200F5D4B5 /* ASIHTTPRequestConfig.h */; };
		4FCAC2BA123338F200F5D4B5 /* ASIHTTPRequestDelegate.h in Headers */ = {isa = PBXBuildFile; fileRef = 4FCAC2A8123338F200F5D4B5 /* ASIHTTPRequestDelegate.h */; };
		4FCAC2BB123338F200F5D4B5 /* ASIInputStream.h in Headers */ = {isa = PBXBuildFile; fileRef = 4FCAC2A9123338F200F5D4B5 /* ASIInputStream.h */; };
		4FCAC2BC123338F200F5D4B5 /* ASIInputStream.m in Sources */ = {isa = PBXBuildFile; fileRef = 4FCAC2AA123338F200F5D4B5 /* ASIInputStream.m */; };
		4FCAC2BD123338F200F5D4B5 /* ASINetworkQueue.h in Headers */ = {isa = PBXBuildFile; fileRef = 4FCAC2AB123338F200F5D4B5 /* ASINetworkQueue.h */; };
		4FCAC2BE123338F200F5D4B5 /* ASINetworkQueue.m in Sources */ = {isa = PBXBuildFile; fileRef = 4FCAC2AC123338F200F5D4B5 /* ASINetworkQueue.m */; };
		4FCAC2BF123338F200F5D4B5 /* ASIProgressDelegate.h in Headers */ = {isa = PBXBuildFile; fileRef = 4FCAC2AD123338F200F5D4B5 /* ASIProgressDelegate.h */; };
		4FCAC2C0123338F200F5D4B5 /* Reachability.h in Headers */ = {isa = PBXBuildFile; fileRef = 4FCAC2AE123338F200F5D4B5 /* Reachability.h */; };
		4FCAC2C1123338F200F5D4B5 /* Reachability.m in Sources */ = {isa = PBXBuildFile; fileRef = 4FCAC2AF123338F200F5D4B5 /* Reachability.m */; };
		4FCAC2C41233391B00F5D4B5 /* HttpHelper.h in Headers */ = {isa = PBXBuildFile; fileRef = 4FCAC2C21233391B00F5D4B5 /* HttpHelper.h */; };
		4FCAC2C51233391B00F5D4B5 /* HttpHelper.m in Sources */ = {isa = PBXBuildFile; fileRef = 4FCAC2C31233391B00F5D4B5 /* HttpHelper.m */; };
		AA747D9F0F9514B9006C5449 /* yalamanchili_ios_Prefix.pch in Headers */ = {isa = PBXBuildFile; fileRef = AA747D9E0F9514B9006C5449 /* yalamanchili_ios_Prefix.pch */; };
		AACBBE4A0F95108600F1A2B1 /* Foundation.framework in Frameworks */ = {isa = PBXBuildFile; fileRef = AACBBE490F95108600F1A2B1 /* Foundation.framework */; };
/* End PBXBuildFile section */

/* Begin PBXFileReference section */
		4F788F631231B3350028B625 /* IntrospectionUtils.h */ = {isa = PBXFileReference; fileEncoding = 4; lastKnownFileType = sourcecode.c.h; path = IntrospectionUtils.h; sourceTree = "<group>"; };
		4F788F641231B3350028B625 /* IntrospectionUtils.m */ = {isa = PBXFileReference; fileEncoding = 4; lastKnownFileType = sourcecode.c.objc; path = IntrospectionUtils.m; sourceTree = "<group>"; };
		4F7890351231C6D90028B625 /* XMLUtils.h */ = {isa = PBXFileReference; fileEncoding = 4; lastKnownFileType = sourcecode.c.h; path = XMLUtils.h; sourceTree = "<group>"; };
		4F7890361231C6D90028B625 /* XMLUtils.m */ = {isa = PBXFileReference; fileEncoding = 4; lastKnownFileType = sourcecode.c.objc; path = XMLUtils.m; sourceTree = "<group>"; };
		4F7890621231CAD20028B625 /* GDataXMLNode.h */ = {isa = PBXFileReference; fileEncoding = 4; lastKnownFileType = sourcecode.c.h; path = GDataXMLNode.h; sourceTree = "<group>"; };
		4F7890631231CAD20028B625 /* GDataXMLNode.m */ = {isa = PBXFileReference; fileEncoding = 4; lastKnownFileType = sourcecode.c.objc; path = GDataXMLNode.m; sourceTree = "<group>"; };
		4FCAC1CC1232853F00F5D4B5 /* Test-Info.plist */ = {isa = PBXFileReference; lastKnownFileType = text.plist.xml; path = "Test-Info.plist"; sourceTree = "<group>"; };
		4FCAC29E123338F200F5D4B5 /* ASIAuthenticationDialog.h */ = {isa = PBXFileReference; fileEncoding = 4; lastKnownFileType = sourcecode.c.h; path = ASIAuthenticationDialog.h; sourceTree = "<group>"; };
		4FCAC29F123338F200F5D4B5 /* ASIAuthenticationDialog.m */ = {isa = PBXFileReference; fileEncoding = 4; lastKnownFileType = sourcecode.c.objc; path = ASIAuthenticationDialog.m; sourceTree = "<group>"; };
		4FCAC2A0123338F200F5D4B5 /* ASICacheDelegate.h */ = {isa = PBXFileReference; fileEncoding = 4; lastKnownFileType = sourcecode.c.h; path = ASICacheDelegate.h; sourceTree = "<group>"; };
		4FCAC2A1123338F200F5D4B5 /* ASIDownloadCache.h */ = {isa = PBXFileReference; fileEncoding = 4; lastKnownFileType = sourcecode.c.h; path = ASIDownloadCache.h; sourceTree = "<group>"; };
		4FCAC2A2123338F200F5D4B5 /* ASIDownloadCache.m */ = {isa = PBXFileReference; fileEncoding = 4; lastKnownFileType = sourcecode.c.objc; path = ASIDownloadCache.m; sourceTree = "<group>"; };
		4FCAC2A3123338F200F5D4B5 /* ASIFormDataRequest.h */ = {isa = PBXFileReference; fileEncoding = 4; lastKnownFileType = sourcecode.c.h; path = ASIFormDataRequest.h; sourceTree = "<group>"; };
		4FCAC2A4123338F200F5D4B5 /* ASIFormDataRequest.m */ = {isa = PBXFileReference; fileEncoding = 4; lastKnownFileType = sourcecode.c.objc; path = ASIFormDataRequest.m; sourceTree = "<group>"; };
		4FCAC2A5123338F200F5D4B5 /* ASIHTTPRequest.h */ = {isa = PBXFileReference; fileEncoding = 4; lastKnownFileType = sourcecode.c.h; path = ASIHTTPRequest.h; sourceTree = "<group>"; };
		4FCAC2A6123338F200F5D4B5 /* ASIHTTPRequest.m */ = {isa = PBXFileReference; fileEncoding = 4; lastKnownFileType = sourcecode.c.objc; path = ASIHTTPRequest.m; sourceTree = "<group>"; };
		4FCAC2A7123338F200F5D4B5 /* ASIHTTPRequestConfig.h */ = {isa = PBXFileReference; fileEncoding = 4; lastKnownFileType = sourcecode.c.h; path = ASIHTTPRequestConfig.h; sourceTree = "<group>"; };
		4FCAC2A8123338F200F5D4B5 /* ASIHTTPRequestDelegate.h */ = {isa = PBXFileReference; fileEncoding = 4; lastKnownFileType = sourcecode.c.h; path = ASIHTTPRequestDelegate.h; sourceTree = "<group>"; };
		4FCAC2A9123338F200F5D4B5 /* ASIInputStream.h */ = {isa = PBXFileReference; fileEncoding = 4; lastKnownFileType = sourcecode.c.h; path = ASIInputStream.h; sourceTree = "<group>"; };
		4FCAC2AA123338F200F5D4B5 /* ASIInputStream.m */ = {isa = PBXFileReference; fileEncoding = 4; lastKnownFileType = sourcecode.c.objc; path = ASIInputStream.m; sourceTree = "<group>"; };
		4FCAC2AB123338F200F5D4B5 /* ASINetworkQueue.h */ = {isa = PBXFileReference; fileEncoding = 4; lastKnownFileType = sourcecode.c.h; path = ASINetworkQueue.h; sourceTree = "<group>"; };
		4FCAC2AC123338F200F5D4B5 /* ASINetworkQueue.m */ = {isa = PBXFileReference; fileEncoding = 4; lastKnownFileType = sourcecode.c.objc; path = ASINetworkQueue.m; sourceTree = "<group>"; };
		4FCAC2AD123338F200F5D4B5 /* ASIProgressDelegate.h */ = {isa = PBXFileReference; fileEncoding = 4; lastKnownFileType = sourcecode.c.h; path = ASIProgressDelegate.h; sourceTree = "<group>"; };
		4FCAC2AE123338F200F5D4B5 /* Reachability.h */ = {isa = PBXFileReference; fileEncoding = 4; lastKnownFileType = sourcecode.c.h; path = Reachability.h; sourceTree = "<group>"; };
		4FCAC2AF123338F200F5D4B5 /* Reachability.m */ = {isa = PBXFileReference; fileEncoding = 4; lastKnownFileType = sourcecode.c.objc; path = Reachability.m; sourceTree = "<group>"; };
		4FCAC2C21233391B00F5D4B5 /* HttpHelper.h */ = {isa = PBXFileReference; fileEncoding = 4; lastKnownFileType = sourcecode.c.h; path = HttpHelper.h; sourceTree = "<group>"; };
		4FCAC2C31233391B00F5D4B5 /* HttpHelper.m */ = {isa = PBXFileReference; fileEncoding = 4; lastKnownFileType = sourcecode.c.objc; path = HttpHelper.m; sourceTree = "<group>"; };
		AA747D9E0F9514B9006C5449 /* yalamanchili_ios_Prefix.pch */ = {isa = PBXFileReference; fileEncoding = 4; lastKnownFileType = sourcecode.c.h; path = yalamanchili_ios_Prefix.pch; sourceTree = SOURCE_ROOT; };
		AACBBE490F95108600F1A2B1 /* Foundation.framework */ = {isa = PBXFileReference; lastKnownFileType = wrapper.framework; name = Foundation.framework; path = System/Library/Frameworks/Foundation.framework; sourceTree = SDKROOT; };
		D2AAC07E0554694100DB518D /* libyalamanchili_ios.a */ = {isa = PBXFileReference; explicitFileType = archive.ar; includeInIndex = 0; path = libyalamanchili_ios.a; sourceTree = BUILT_PRODUCTS_DIR; };
/* End PBXFileReference section */

/* Begin PBXFrameworksBuildPhase section */
		D2AAC07C0554694100DB518D /* Frameworks */ = {
			isa = PBXFrameworksBuildPhase;
			buildActionMask = 2147483647;
			files = (
				AACBBE4A0F95108600F1A2B1 /* Foundation.framework in Frameworks */,
			);
			runOnlyForDeploymentPostprocessing = 0;
		};
/* End PBXFrameworksBuildPhase section */

/* Begin PBXGroup section */
		034768DFFF38A50411DB9C8B /* Products */ = {
			isa = PBXGroup;
			children = (
				D2AAC07E0554694100DB518D /* libyalamanchili_ios.a */,
			);
			name = Products;
			sourceTree = "<group>";
		};
		0867D691FE84028FC02AAC07 /* yalamanchili-ios */ = {
			isa = PBXGroup;
			children = (
				08FB77AEFE84172EC02AAC07 /* Classes */,
				32C88DFF0371C24200C91783 /* Other Sources */,
				0867D69AFE84028FC02AAC07 /* Frameworks */,
				034768DFFF38A50411DB9C8B /* Products */,
				4FCAC1CC1232853F00F5D4B5 /* Test-Info.plist */,
			);
			name = "yalamanchili-ios";
			sourceTree = "<group>";
		};
		0867D69AFE84028FC02AAC07 /* Frameworks */ = {
			isa = PBXGroup;
			children = (
				AACBBE490F95108600F1A2B1 /* Foundation.framework */,
			);
			name = Frameworks;
			sourceTree = "<group>";
		};
		08FB77AEFE84172EC02AAC07 /* Classes */ = {
			isa = PBXGroup;
			children = (
				4FCAC29C123338C900F5D4B5 /* ASI-Http */,
				4FCAC29B123338A500F5D4B5 /* Gdata */,
				4F788F631231B3350028B625 /* IntrospectionUtils.h */,
				4F788F641231B3350028B625 /* IntrospectionUtils.m */,
				4F7890351231C6D90028B625 /* XMLUtils.h */,
				4F7890361231C6D90028B625 /* XMLUtils.m */,
				4FCAC2C21233391B00F5D4B5 /* HttpHelper.h */,
				4FCAC2C31233391B00F5D4B5 /* HttpHelper.m */,
			);
			name = Classes;
			sourceTree = "<group>";
		};
		32C88DFF0371C24200C91783 /* Other Sources */ = {
			isa = PBXGroup;
			children = (
				AA747D9E0F9514B9006C5449 /* yalamanchili_ios_Prefix.pch */,
			);
			name = "Other Sources";
			sourceTree = "<group>";
		};
		4FCAC29B123338A500F5D4B5 /* Gdata */ = {
			isa = PBXGroup;
			children = (
				4F7890631231CAD20028B625 /* GDataXMLNode.m */,
				4F7890621231CAD20028B625 /* GDataXMLNode.h */,
			);
			name = Gdata;
			sourceTree = "<group>";
		};
		4FCAC29C123338C900F5D4B5 /* ASI-Http */ = {
			isa = PBXGroup;
			children = (
				4FCAC29E123338F200F5D4B5 /* ASIAuthenticationDialog.h */,
				4FCAC29F123338F200F5D4B5 /* ASIAuthenticationDialog.m */,
				4FCAC2A0123338F200F5D4B5 /* ASICacheDelegate.h */,
				4FCAC2A1123338F200F5D4B5 /* ASIDownloadCache.h */,
				4FCAC2A2123338F200F5D4B5 /* ASIDownloadCache.m */,
				4FCAC2A3123338F200F5D4B5 /* ASIFormDataRequest.h */,
				4FCAC2A4123338F200F5D4B5 /* ASIFormDataRequest.m */,
				4FCAC2A5123338F200F5D4B5 /* ASIHTTPRequest.h */,
				4FCAC2A6123338F200F5D4B5 /* ASIHTTPRequest.m */,
				4FCAC2A7123338F200F5D4B5 /* ASIHTTPRequestConfig.h */,
				4FCAC2A8123338F200F5D4B5 /* ASIHTTPRequestDelegate.h */,
				4FCAC2A9123338F200F5D4B5 /* ASIInputStream.h */,
				4FCAC2AA123338F200F5D4B5 /* ASIInputStream.m */,
				4FCAC2AB123338F200F5D4B5 /* ASINetworkQueue.h */,
				4FCAC2AC123338F200F5D4B5 /* ASINetworkQueue.m */,
				4FCAC2AD123338F200F5D4B5 /* ASIProgressDelegate.h */,
				4FCAC2AE123338F200F5D4B5 /* Reachability.h */,
				4FCAC2AF123338F200F5D4B5 /* Reachability.m */,
			);
			name = "ASI-Http";
			sourceTree = "<group>";
		};
/* End PBXGroup section */

/* Begin PBXHeadersBuildPhase section */
		D2AAC07A0554694100DB518D /* Headers */ = {
			isa = PBXHeadersBuildPhase;
			buildActionMask = 2147483647;
			files = (
				AA747D9F0F9514B9006C5449 /* yalamanchili_ios_Prefix.pch in Headers */,
				4F788F651231B3350028B625 /* IntrospectionUtils.h in Headers */,
				4F7890371231C6D90028B625 /* XMLUtils.h in Headers */,
				4F7890641231CAD20028B625 /* GDataXMLNode.h in Headers */,
				4FCAC2B0123338F200F5D4B5 /* ASIAuthenticationDialog.h in Headers */,
				4FCAC2B2123338F200F5D4B5 /* ASICacheDelegate.h in Headers */,
				4FCAC2B3123338F200F5D4B5 /* ASIDownloadCache.h in Headers */,
				4FCAC2B5123338F200F5D4B5 /* ASIFormDataRequest.h in Headers */,
				4FCAC2B7123338F200F5D4B5 /* ASIHTTPRequest.h in Headers */,
				4FCAC2B9123338F200F5D4B5 /* ASIHTTPRequestConfig.h in Headers */,
				4FCAC2BA123338F200F5D4B5 /* ASIHTTPRequestDelegate.h in Headers */,
				4FCAC2BB123338F200F5D4B5 /* ASIInputStream.h in Headers */,
				4FCAC2BD123338F200F5D4B5 /* ASINetworkQueue.h in Headers */,
				4FCAC2BF123338F200F5D4B5 /* ASIProgressDelegate.h in Headers */,
				4FCAC2C0123338F200F5D4B5 /* Reachability.h in Headers */,
				4FCAC2C41233391B00F5D4B5 /* HttpHelper.h in Headers */,
			);
			runOnlyForDeploymentPostprocessing = 0;
		};
/* End PBXHeadersBuildPhase section */

/* Begin PBXNativeTarget section */
		D2AAC07D0554694100DB518D /* yalamanchili-ios */ = {
			isa = PBXNativeTarget;
			buildConfigurationList = 1DEB921E08733DC00010E9CD /* Build configuration list for PBXNativeTarget "yalamanchili-ios" */;
			buildPhases = (
				D2AAC07A0554694100DB518D /* Headers */,
				D2AAC07B0554694100DB518D /* Sources */,
				D2AAC07C0554694100DB518D /* Frameworks */,
			);
			buildRules = (
			);
			dependencies = (
			);
			name = "yalamanchili-ios";
			productName = "yalamanchili-ios";
			productReference = D2AAC07E0554694100DB518D /* libyalamanchili_ios.a */;
			productType = "com.apple.product-type.library.static";
		};
/* End PBXNativeTarget section */

/* Begin PBXProject section */
		0867D690FE84028FC02AAC07 /* Project object */ = {
			isa = PBXProject;
			buildConfigurationList = 1DEB922208733DC00010E9CD /* Build configuration list for PBXProject "yalamanchili-ios" */;
			compatibilityVersion = "Xcode 3.1";
			hasScannedForEncodings = 1;
			mainGroup = 0867D691FE84028FC02AAC07 /* yalamanchili-ios */;
			productRefGroup = 034768DFFF38A50411DB9C8B /* Products */;
			projectDirPath = "";
			projectRoot = "";
			targets = (
				D2AAC07D0554694100DB518D /* yalamanchili-ios */,
			);
		};
/* End PBXProject section */

/* Begin PBXSourcesBuildPhase section */
		D2AAC07B0554694100DB518D /* Sources */ = {
			isa = PBXSourcesBuildPhase;
			buildActionMask = 2147483647;
			files = (
				4F788F661231B3350028B625 /* IntrospectionUtils.m in Sources */,
				4F7890381231C6D90028B625 /* XMLUtils.m in Sources */,
				4F7890651231CAD20028B625 /* GDataXMLNode.m in Sources */,
				4FCAC2B1123338F200F5D4B5 /* ASIAuthenticationDialog.m in Sources */,
				4FCAC2B4123338F200F5D4B5 /* ASIDownloadCache.m in Sources */,
				4FCAC2B6123338F200F5D4B5 /* ASIFormDataRequest.m in Sources */,
				4FCAC2B8123338F200F5D4B5 /* ASIHTTPRequest.m in Sources */,
				4FCAC2BC123338F200F5D4B5 /* ASIInputStream.m in Sources */,
				4FCAC2BE123338F200F5D4B5 /* ASINetworkQueue.m in Sources */,
				4FCAC2C1123338F200F5D4B5 /* Reachability.m in Sources */,
				4FCAC2C51233391B00F5D4B5 /* HttpHelper.m in Sources */,
			);
			runOnlyForDeploymentPostprocessing = 0;
		};
/* End PBXSourcesBuildPhase section */

/* Begin XCBuildConfiguration section */
		1DEB921F08733DC00010E9CD /* Debug */ = {
			isa = XCBuildConfiguration;
			buildSettings = {
				ALWAYS_SEARCH_USER_PATHS = NO;
				ARCHS = "$(ARCHS_STANDARD_32_BIT)";
				COPY_PHASE_STRIP = NO;
				DSTROOT = /tmp/yalamanchili_ios.dst;
				FRAMEWORK_SEARCH_PATHS = (
					"$(inherited)",
					"\"$(SRCROOT)/../../Library/Frameworks\"",
				);
				GCC_DYNAMIC_NO_PIC = NO;
				GCC_ENABLE_FIX_AND_CONTINUE = YES;
				GCC_MODEL_TUNING = G5;
				GCC_OPTIMIZATION_LEVEL = 0;
				GCC_PRECOMPILE_PREFIX_HEADER = YES;
				GCC_PREFIX_HEADER = yalamanchili_ios_Prefix.pch;
				INSTALL_PATH = /usr/local/lib;
				PRODUCT_NAME = yalamanchili_ios;
			};
			name = Debug;
		};
		1DEB922008733DC00010E9CD /* Release */ = {
			isa = XCBuildConfiguration;
			buildSettings = {
				ALWAYS_SEARCH_USER_PATHS = NO;
				ARCHS = "$(ARCHS_STANDARD_32_BIT)";
				DSTROOT = /tmp/yalamanchili_ios.dst;
				FRAMEWORK_SEARCH_PATHS = (
					"$(inherited)",
					"\"$(SRCROOT)/../../Library/Frameworks\"",
				);
				GCC_MODEL_TUNING = G5;
				GCC_PRECOMPILE_PREFIX_HEADER = YES;
				GCC_PREFIX_HEADER = yalamanchili_ios_Prefix.pch;
				INSTALL_PATH = /usr/local/lib;
				PRODUCT_NAME = yalamanchili_ios;
			};
			name = Release;
		};
		1DEB922308733DC00010E9CD /* Debug */ = {
			isa = XCBuildConfiguration;
			buildSettings = {
				ARCHS = "$(ARCHS_STANDARD_32_BIT)";
				GCC_C_LANGUAGE_STANDARD = c99;
				GCC_OPTIMIZATION_LEVEL = 0;
				GCC_WARN_ABOUT_RETURN_TYPE = YES;
				GCC_WARN_UNUSED_VARIABLE = YES;
				HEADER_SEARCH_PATHS = "/usr/include/libxml2/**";
				OTHER_LDFLAGS = "-ObjC";
				PREBINDING = NO;
				SDKROOT = iphoneos4.0;
			};
			name = Debug;
		};
		1DEB922408733DC00010E9CD /* Release */ = {
			isa = XCBuildConfiguration;
			buildSettings = {
				ARCHS = "$(ARCHS_STANDARD_32_BIT)";
				GCC_C_LANGUAGE_STANDARD = c99;
				GCC_WARN_ABOUT_RETURN_TYPE = YES;
				GCC_WARN_UNUSED_VARIABLE = YES;
				OTHER_LDFLAGS = "-ObjC";
				PREBINDING = NO;
				SDKROOT = iphoneos4.0;
			};
			name = Release;
		};
/* End XCBuildConfiguration section */

/* Begin XCConfigurationList section */
		1DEB921E08733DC00010E9CD /* Build configuration list for PBXNativeTarget "yalamanchili-ios" */ = {
			isa = XCConfigurationList;
			buildConfigurations = (
				1DEB921F08733DC00010E9CD /* Debug */,
				1DEB922008733DC00010E9CD /* Release */,
			);
			defaultConfigurationIsVisible = 0;
			defaultConfigurationName = Release;
		};
		1DEB922208733DC00010E9CD /* Build configuration list for PBXProject "yalamanchili-ios" */ = {
			isa = XCConfigurationList;
			buildConfigurations = (
				1DEB922308733DC00010E9CD /* Debug */,
				1DEB922408733DC00010E9CD /* Release */,
			);
			defaultConfigurationIsVisible = 0;
			defaultConfigurationName = Release;
		};
/* End XCConfigurationList section */
	};
	rootObject = 0867D690FE84028FC02AAC07 /* Project object */;
}
